
Microsoft Visual Studio Solution File, Format Version 12.00
# Visual Studio 14
VisualStudioVersion = 14.0.25420.1
MinimumVisualStudioVersion = 10.0.40219.1
Project("{8BC9CEB8-8B4A-11D0-8D11-00A0C91BC942}") = "CoreDll", "CoreDll\CoreDll.vcxproj", "{9AF2746E-F53E-4568-B238-76ADCB802E32}"
	ProjectSection(ProjectDependencies) = postProject
		{0B53520C-C845-4993-A506-B4F6DD4C930E} = {0B53520C-C845-4993-A506-B4F6DD4C930E}
	EndProjectSection
EndProject
Project("{8BC9CEB8-8B4A-11D0-8D11-00A0C91BC942}") = "CoreNative", "CoreNative\CoreNative.vcxproj", "{0B53520C-C845-4993-A506-B4F6DD4C930E}"
EndProject
Project("{FAE04EC0-301F-11D3-BF4B-00C04F79EFBC}") = "StartWPF", "StartWPF\StartWPF.csproj", "{1BB96701-F9FD-45DF-9B72-F880866C5BBC}"
EndProject
Global
	GlobalSection(SolutionConfigurationPlatforms) = preSolution
		Debug|Any CPU = Debug|Any CPU
		Debug|x64 = Debug|x64
		Debug|x86 = Debug|x86
		Release|Any CPU = Release|Any CPU
		Release|x64 = Release|x64
		Release|x86 = Release|x86
	EndGlobalSection
	GlobalSection(ProjectConfigurationPlatforms) = postSolution
		{9AF2746E-F53E-4568-B238-76ADCB802E32}.Debug|Any CPU.ActiveCfg = Debug|Win32
		{9AF2746E-F53E-4568-B238-76ADCB802E32}.Debug|x64.ActiveCfg = Debug|x64
		{9AF2746E-F53E-4568-B238-76ADCB802E32}.Debug|x64.Build.0 = Debug|x64
		{9AF2746E-F53E-4568-B238-76ADCB802E32}.Debug|x86.ActiveCfg = Debug|Win32
		{9AF2746E-F53E-4568-B238-76ADCB802E32}.Debug|x86.Build.0 = Debug|Win32
		{9AF2746E-F53E-4568-B238-76ADCB802E32}.Release|Any CPU.ActiveCfg = Release|Win32
		{9AF2746E-F53E-4568-B238-76ADCB802E32}.Release|x64.ActiveCfg = Release|x64
		{9AF2746E-F53E-4568-B238-76ADCB802E32}.Release|x64.Build.0 = Release|x64
		{9AF2746E-F53E-4568-B238-76ADCB802E32}.Release|x86.ActiveCfg = Release|Win32
		{9AF2746E-F53E-4568-B238-76ADCB802E32}.Release|x86.Build.0 = Release|Win32
		{0B53520C-C845-4993-A506-B4F6DD4C930E}.Debug|Any CPU.ActiveCfg = Debug|Win32
		{0B53520C-C845-4993-A506-B4F6DD4C930E}.Debug|x64.ActiveCfg = Debug|x64
		{0B53520C-C845-4993-A506-B4F6DD4C930E}.Debug|x64.Build.0 = Debug|x64
		{0B53520C-C845-4993-A506-B4F6DD4C930E}.Debug|x86.ActiveCfg = Debug|Win32
		{0B53520C-C845-4993-A506-B4F6DD4C930E}.Debug|x86.Build.0 = Debug|Win32
		{0B53520C-C845-4993-A506-B4F6DD4C930E}.Release|Any CPU.ActiveCfg = Release|Win32
		{0B53520C-C845-4993-A506-B4F6DD4C930E}.Release|x64.ActiveCfg = Release|x64
		{0B53520C-C845-4993-A506-B4F6DD4C930E}.Release|x64.Build.0 = Release|x64
		{0B53520C-C845-4993-A506-B4F6DD4C930E}.Release|x86.ActiveCfg = Release|Win32
		{0B53520C-C845-4993-A506-B4F6DD4C930E}.Release|x86.Build.0 = Release|Win32
		{1BB96701-F9FD-45DF-9B72-F880866C5BBC}.Debug|Any CPU.ActiveCfg = Debug|Any CPU
		{1BB96701-F9FD-45DF-9B72-F880866C5BBC}.Debug|Any CPU.Build.0 = Debug|Any CPU
		{1BB96701-F9FD-45DF-9B72-F880866C5BBC}.Debug|x64.ActiveCfg = Debug|Any CPU
		{1BB96701-F9FD-45DF-9B72-F880866C5BBC}.Debug|x64.Build.0 = Debug|Any CPU
		{1BB96701-F9FD-45DF-9B72-F880866C5BBC}.Debug|x86.ActiveCfg = Debug|Any CPU
		{1BB96701-F9FD-45DF-9B72-F880866C5BBC}.Debug|x86.Build.0 = Debug|Any CPU
		{1BB96701-F9FD-45DF-9B72-F880866C5BBC}.Release|Any CPU.ActiveCfg = Release|Any CPU
		{1BB96701-F9FD-45DF-9B72-F880866C5BBC}.Release|Any CPU.Build.0 = Release|Any CPU
		{1BB96701-F9FD-45DF-9B72-F880866C5BBC}.Release|x64.ActiveCfg = Release|Any CPU
		{1BB96701-F9FD-45DF-9B72-F880866C5BBC}.Release|x64.Build.0 = Release|Any CPU
		{1BB96701-F9FD-45DF-9B72-F880866C5BBC}.Release|x86.ActiveCfg = Release|Any CPU
		{1BB96701-F9FD-45DF-9B72-F880866C5BBC}.Release|x86.Build.0 = Release|Any CPU
	EndGlobalSection
	GlobalSection(SolutionProperties) = preSolution
		HideSolutionNode = FALSE
	EndGlobalSection
EndGlobal
